
Microsoft Visual Studio Solution File, Format Version 12.00
# Visual Studio Version 16
VisualStudioVersion = 16.0.31025.194
MinimumVisualStudioVersion = 10.0.40219.1
Project("{FAE04EC0-301F-11D3-BF4B-00C04F79EFBC}") = "ProjectApp", "ProjectApp\ProjectApp.csproj", "{176D4999-F066-47A7-9A42-1E5AEA1008B4}"
EndProject
Global
	GlobalSection(SolutionConfigurationPlatforms) = preSolution
		Debug|Any CPU = Debug|Any CPU
		Release|Any CPU = Release|Any CPU
	EndGlobalSection
	GlobalSection(ProjectConfigurationPlatforms) = postSolution
		{176D4999-F066-47A7-9A42-1E5AEA1008B4}.Debug|Any CPU.ActiveCfg = Debug|Any CPU
		{176D4999-F066-47A7-9A42-1E5AEA1008B4}.Debug|Any CPU.Build.0 = Debug|Any CPU
		{176D4999-F066-47A7-9A42-1E5AEA1008B4}.Release|Any CPU.ActiveCfg = Release|Any CPU
		{176D4999-F066-47A7-9A42-1E5AEA1008B4}.Release|Any CPU.Build.0 = Release|Any CPU
	EndGlobalSection
	GlobalSection(SolutionProperties) = preSolution
		HideSolutionNode = FALSE
	EndGlobalSection
	GlobalSection(ExtensibilityGlobals) = postSolution
		SolutionGuid = {1596B921-F11E-40B3-9750-4B6B049981E0}
	EndGlobalSection
EndGlobal
